
Microsoft Visual Studio Solution File, Format Version 12.00
# Visual Studio Version 17
VisualStudioVersion = 17.3.32929.385
MinimumVisualStudioVersion = 10.0.40219.1
Project("{FAE04EC0-301F-11D3-BF4B-00C04F79EFBC}") = "cottage_crafts", "cottage_crafts\cottage_crafts.csproj", "{9B9F72E5-F98D-486F-A130-8C353FF0D1B2}"
EndProject
Global
	GlobalSection(SolutionConfigurationPlatforms) = preSolution
		Debug|Any CPU = Debug|Any CPU
		Release|Any CPU = Release|Any CPU
	EndGlobalSection
	GlobalSection(ProjectConfigurationPlatforms) = postSolution
		{9B9F72E5-F98D-486F-A130-8C353FF0D1B2}.Debug|Any CPU.ActiveCfg = Debug|Any CPU
		{9B9F72E5-F98D-486F-A130-8C353FF0D1B2}.Debug|Any CPU.Build.0 = Debug|Any CPU
		{9B9F72E5-F98D-486F-A130-8C353FF0D1B2}.Release|Any CPU.ActiveCfg = Release|Any CPU
		{9B9F72E5-F98D-486F-A130-8C353FF0D1B2}.Release|Any CPU.Build.0 = Release|Any CPU
	EndGlobalSection
	GlobalSection(SolutionProperties) = preSolution
		HideSolutionNode = FALSE
	EndGlobalSection
	GlobalSection(ExtensibilityGlobals) = postSolution
		SolutionGuid = {BB2D67C0-DC44-4E54-A9BA-839CB78A9EB0}
	EndGlobalSection
EndGlobal
